{
  "object": {
    "pins": [
      {
        "package": "DataManagement",
        "repositoryURL": "https://github.com/bastianX6/accounts-data-management.git",
        "state": {
          "branch": null,
          "revision": "4a34312d2fca1dfb3a11d766d774e168adbd8ce9",
          "version": "1.0.0"
        }
      },
      {
        "package": "AccountsUI",
        "repositoryURL": "https://github.com/bastianX6/accounts-ui.git",
        "state": {
          "branch": null,
          "revision": "6c8f748a396257bb7bd3b876034f2cb6d08079b7",
          "version": "1.0.0"
        }
      }
    ]
  },
  "version": 1
}
