{
  "object": {
    "pins": [
      {
        "package": "DataManagement",
        "repositoryURL": "https://github.com/bastianX6/accounts-data-management.git",
        "state": {
          "branch": null,
          "revision": "68ffeb7777495e6d23b30320719182a0ea59ec29",
          "version": "1.0.1"
        }
      },
      {
        "package": "AccountsUI",
        "repositoryURL": "https://github.com/bastianX6/accounts-ui.git",
        "state": {
          "branch": null,
          "revision": "af4a13a71a810894e127f7322ad264d2999c0583",
          "version": "1.0.2"
        }
      }
    ]
  },
  "version": 1
}
